// !$*UTF8*$!
{
	archiveVersion = 1;
	classes = {
	};
	objectVersion = 46;
	objects = {

/* Begin PBXBuildFile section */
		C891CDE61F54B5FC006ADCAD /* AppDelegate.swift in Sources */ = {isa = PBXBuildFile; fileRef = C891CDE51F54B5FC006ADCAD /* AppDelegate.swift */; };
		C891CDE81F54B5FC006ADCAD /* ViewController.swift in Sources */ = {isa = PBXBuildFile; fileRef = C891CDE71F54B5FC006ADCAD /* ViewController.swift */; };
		C891CDEB1F54B5FC006ADCAD /* Main.storyboard in Resources */ = {isa = PBXBuildFile; fileRef = C891CDE91F54B5FC006ADCAD /* Main.storyboard */; };
		C891CDED1F54B5FC006ADCAD /* Assets.xcassets in Resources */ = {isa = PBXBuildFile; fileRef = C891CDEC1F54B5FC006ADCAD /* Assets.xcassets */; };
		C891CDF01F54B5FC006ADCAD /* LaunchScreen.storyboard in Resources */ = {isa = PBXBuildFile; fileRef = C891CDEE1F54B5FC006ADCAD /* LaunchScreen.storyboard */; };
/* End PBXBuildFile section */

/* Begin PBXFileReference section */
		C891CDE21F54B5FC006ADCAD /* dbperry2_lab1.app */ = {isa = PBXFileReference; explicitFileType = wrapper.application; includeInIndex = 0; path = dbperry2_lab1.app; sourceTree = BUILT_PRODUCTS_DIR; };
		C891CDE51F54B5FC006ADCAD /* AppDelegate.swift */ = {isa = PBXFileReference; lastKnownFileType = sourcecode.swift; path = AppDelegate.swift; sourceTree = "<group>"; };
		C891CDE71F54B5FC006ADCAD /* ViewController.swift */ = {isa = PBXFileReference; lastKnownFileType = sourcecode.swift; path = ViewController.swift; sourceTree = "<group>"; };
		C891CDEA1F54B5FC006ADCAD /* Base */ = {isa = PBXFileReference; lastKnownFileType = file.storyboard; name = Base; path = Base.lproj/Main.storyboard; sourceTree = "<group>"; };
		C891CDEC1F54B5FC006ADCAD /* Assets.xcassets */ = {isa = PBXFileReference; lastKnownFileType = folder.assetcatalog; path = Assets.xcassets; sourceTree = "<group>"; };
		C891CDEF1F54B5FC006ADCAD /* Base */ = {isa = PBXFileReference; lastKnownFileType = file.storyboard; name = Base; path = Base.lproj/LaunchScreen.storyboard; sourceTree = "<group>"; };
		C891CDF11F54B5FC006ADCAD /* Info.plist */ = {isa = PBXFileReference; lastKnownFileType = text.plist.xml; path = Info.plist; sourceTree = "<group>"; };
/* End PBXFileReference section */

/* Begin PBXFrameworksBuildPhase section */
		C891CDDF1F54B5FC006ADCAD /* Frameworks */ = {
			isa = PBXFrameworksBuildPhase;
			buildActionMask = 2147483647;
			files = (
			);
			runOnlyForDeploymentPostprocessing = 0;
		};
/* End PBXFrameworksBuildPhase section */

/* Begin PBXGroup section */
		C891CDD91F54B5FC006ADCAD = {
			isa = PBXGroup;
			children = (
				C891CDE41F54B5FC006ADCAD /* dbperry2_lab1 */,
				C891CDE31F54B5FC006ADCAD /* Products */,
			);
			sourceTree = "<group>";
		};
		C891CDE31F54B5FC006ADCAD /* Products */ = {
			isa = PBXGroup;
			children = (
				C891CDE21F54B5FC006ADCAD /* dbperry2_lab1.app */,
			);
			name = Products;
			sourceTree = "<group>";
		};
		C891CDE41F54B5FC006ADCAD /* dbperry2_lab1 */ = {
			isa = PBXGroup;
			children = (
				C891CDE51F54B5FC006ADCAD /* AppDelegate.swift */,
				C891CDE71F54B5FC006ADCAD /* ViewController.swift */,
				C891CDE91F54B5FC006ADCAD /* Main.storyboard */,
				C891CDEC1F54B5FC006ADCAD /* Assets.xcassets */,
				C891CDEE1F54B5FC006ADCAD /* LaunchScreen.storyboard */,
				C891CDF11F54B5FC006ADCAD /* Info.plist */,
			);
			path = dbperry2_lab1;
			sourceTree = "<group>";
		};
/* End PBXGroup section */

/* Begin PBXNativeTarget section */
		C891CDE11F54B5FC006ADCAD /* dbperry2_lab1 */ = {
			isa = PBXNativeTarget;
			buildConfigurationList = C891CDF41F54B5FC006ADCAD /* Build configuration list for PBXNativeTarget "dbperry2_lab1" */;
			buildPhases = (
				C891CDDE1F54B5FC006ADCAD /* Sources */,
				C891CDDF1F54B5FC006ADCAD /* Frameworks */,
				C891CDE01F54B5FC006ADCAD /* Resources */,
			);
			buildRules = (
			);
			dependencies = (
			);
			name = dbperry2_lab1;
			productName = dbperry2_lab1;
			productReference = C891CDE21F54B5FC006ADCAD /* dbperry2_lab1.app */;
			productType = "com.apple.product-type.application";
		};
/* End PBXNativeTarget section */

/* Begin PBXProject section */
		C891CDDA1F54B5FC006ADCAD /* Project object */ = {
			isa = PBXProject;
			attributes = {
				LastSwiftUpdateCheck = 0820;
				LastUpgradeCheck = 0820;
				ORGANIZATIONNAME = dbperry2;
				TargetAttributes = {
					C891CDE11F54B5FC006ADCAD = {
						CreatedOnToolsVersion = 8.2.1;
						ProvisioningStyle = Automatic;
					};
				};
			};
			buildConfigurationList = C891CDDD1F54B5FC006ADCAD /* Build configuration list for PBXProject "dbperry2_lab1" */;
			compatibilityVersion = "Xcode 3.2";
			developmentRegion = English;
			hasScannedForEncodings = 0;
			knownRegions = (
				en,
				Base,
			);
			mainGroup = C891CDD91F54B5FC006ADCAD;
			productRefGroup = C891CDE31F54B5FC006ADCAD /* Products */;
			projectDirPath = "";
			projectRoot = "";
			targets = (
				C891CDE11F54B5FC006ADCAD /* dbperry2_lab1 */,
			);
		};
/* End PBXProject section */

/* Begin PBXResourcesBuildPhase section */
		C891CDE01F54B5FC006ADCAD /* Resources */ = {
			isa = PBXResourcesBuildPhase;
			buildActionMask = 2147483647;
			files = (
				C891CDF01F54B5FC006ADCAD /* LaunchScreen.storyboard in Resources */,
				C891CDED1F54B5FC006ADCAD /* Assets.xcassets in Resources */,
				C891CDEB1F54B5FC006ADCAD /* Main.storyboard in Resources */,
			);
			runOnlyForDeploymentPostprocessing = 0;
		};
/* End PBXResourcesBuildPhase section */

/* Begin PBXSourcesBuildPhase section */
		C891CDDE1F54B5FC006ADCAD /* Sources */ = {
			isa = PBXSourcesBuildPhase;
			buildActionMask = 2147483647;
			files = (
				C891CDE81F54B5FC006ADCAD /* ViewController.swift in Sources */,
				C891CDE61F54B5FC006ADCAD /* AppDelegate.swift in Sources */,
			);
			runOnlyForDeploymentPostprocessing = 0;
		};
/* End PBXSourcesBuildPhase section */

/* Begin PBXVariantGroup section */
		C891CDE91F54B5FC006ADCAD /* Main.storyboard */ = {
			isa = PBXVariantGroup;
			children = (
				C891CDEA1F54B5FC006ADCAD /* Base */,
			);
			name = Main.storyboard;
			sourceTree = "<group>";
		};
		C891CDEE1F54B5FC006ADCAD /* LaunchScreen.storyboard */ = {
			isa = PBXVariantGroup;
			children = (
				C891CDEF1F54B5FC006ADCAD /* Base */,
			);
			name = LaunchScreen.storyboard;
			sourceTree = "<group>";
		};
/* End PBXVariantGroup section */

/* Begin XCBuildConfiguration section */
		C891CDF21F54B5FC006ADCAD /* Debug */ = {
			isa = XCBuildConfiguration;
			buildSettings = {
				ALWAYS_SEARCH_USER_PATHS = NO;
				CLANG_ANALYZER_NONNULL = YES;
				CLANG_CXX_LANGUAGE_STANDARD = "gnu++0x";
				CLANG_CXX_LIBRARY = "libc++";
				CLANG_ENABLE_MODULES = YES;
				CLANG_ENABLE_OBJC_ARC = YES;
				CLANG_WARN_BOOL_CONVERSION = YES;
				CLANG_WARN_CONSTANT_CONVERSION = YES;
				CLANG_WARN_DIRECT_OBJC_ISA_USAGE = YES_ERROR;
				CLANG_WARN_DOCUMENTATION_COMMENTS = YES;
				CLANG_WARN_EMPTY_BODY = YES;
				CLANG_WARN_ENUM_CONVERSION = YES;
				CLANG_WARN_INFINITE_RECURSION = YES;
				CLANG_WARN_INT_CONVERSION = YES;
				CLANG_WARN_OBJC_ROOT_CLASS = YES_ERROR;
				CLANG_WARN_SUSPICIOUS_MOVE = YES;
				CLANG_WARN_UNREACHABLE_CODE = YES;
				CLANG_WARN__DUPLICATE_METHOD_MATCH = YES;
				"CODE_SIGN_IDENTITY[sdk=iphoneos*]" = "iPhone Developer";
				COPY_PHASE_STRIP = NO;
				DEBUG_INFORMATION_FORMAT = dwarf;
				ENABLE_STRICT_OBJC_MSGSEND = YES;
				ENABLE_TESTABILITY = YES;
				GCC_C_LANGUAGE_STANDARD = gnu99;
				GCC_DYNAMIC_NO_PIC = NO;
				GCC_NO_COMMON_BLOCKS = YES;
				GCC_OPTIMIZATION_LEVEL = 0;
				GCC_PREPROCESSOR_DEFINITIONS = (
					"DEBUG=1",
					"$(inherited)",
				);
				GCC_WARN_64_TO_32_BIT_CONVERSION = YES;
				GCC_WARN_ABOUT_RETURN_TYPE = YES_ERROR;
				GCC_WARN_UNDECLARED_SELECTOR = YES;
				GCC_WARN_UNINITIALIZED_AUTOS = YES_AGGRESSIVE;
				GCC_WARN_UNUSED_FUNCTION = YES;
				GCC_WARN_UNUSED_VARIABLE = YES;
				IPHONEOS_DEPLOYMENT_TARGET = 10.2;
				MTL_ENABLE_DEBUG_INFO = YES;
				ONLY_ACTIVE_ARCH = YES;
				SDKROOT = iphoneos;
				SWIFT_ACTIVE_COMPILATION_CONDITIONS = DEBUG;
				SWIFT_OPTIMIZATION_LEVEL = "-Onone";
			};
			name = Debug;
		};
		C891CDF31F54B5FC006ADCAD /* Release */ = {
			isa = XCBuildConfiguration;
			buildSettings = {
				ALWAYS_SEARCH_USER_PATHS = NO;
				CLANG_ANALYZER_NONNULL = YES;
				CLANG_CXX_LANGUAGE_STANDARD = "gnu++0x";
				CLANG_CXX_LIBRARY = "libc++";
				CLANG_ENABLE_MODULES = YES;
				CLANG_ENABLE_OBJC_ARC = YES;
				CLANG_WARN_BOOL_CONVERSION = YES;
				CLANG_WARN_CONSTANT_CONVERSION = YES;
				CLANG_WARN_DIRECT_OBJC_ISA_USAGE = YES_ERROR;
				CLANG_WARN_DOCUMENTATION_COMMENTS = YES;
				CLANG_WARN_EMPTY_BODY = YES;
				CLANG_WARN_ENUM_CONVERSION = YES;
				CLANG_WARN_INFINITE_RECURSION = YES;
				CLANG_WARN_INT_CONVERSION = YES;
				CLANG_WARN_OBJC_ROOT_CLASS = YES_ERROR;
				CLANG_WARN_SUSPICIOUS_MOVE = YES;
				CLANG_WARN_UNREACHABLE_CODE = YES;
				CLANG_WARN__DUPLICATE_METHOD_MATCH = YES;
				"CODE_SIGN_IDENTITY[sdk=iphoneos*]" = "iPhone Developer";
				COPY_PHASE_STRIP = NO;
				DEBUG_INFORMATION_FORMAT = "dwarf-with-dsym";
				ENABLE_NS_ASSERTIONS = NO;
				ENABLE_STRICT_OBJC_MSGSEND = YES;
				GCC_C_LANGUAGE_STANDARD = gnu99;
				GCC_NO_COMMON_BLOCKS = YES;
				GCC_WARN_64_TO_32_BIT_CONVERSION = YES;
				GCC_WARN_ABOUT_RETURN_TYPE = YES_ERROR;
				GCC_WARN_UNDECLARED_SELECTOR = YES;
				GCC_WARN_UNINITIALIZED_AUTOS = YES_AGGRESSIVE;
				GCC_WARN_UNUSED_FUNCTION = YES;
				GCC_WARN_UNUSED_VARIABLE = YES;
				IPHONEOS_DEPLOYMENT_TARGET = 10.2;
				MTL_ENABLE_DEBUG_INFO = NO;
				SDKROOT = iphoneos;
				SWIFT_OPTIMIZATION_LEVEL = "-Owholemodule";
				VALIDATE_PRODUCT = YES;
			};
			name = Release;
		};
		C891CDF51F54B5FC006ADCAD /* Debug */ = {
			isa = XCBuildConfiguration;
			buildSettings = {
				ASSETCATALOG_COMPILER_APPICON_NAME = AppIcon;
				INFOPLIST_FILE = dbperry2_lab1/Info.plist;
				LD_RUNPATH_SEARCH_PATHS = "$(inherited) @executable_path/Frameworks";
				PRODUCT_BUNDLE_IDENTIFIER = "Denise-Perry.dbperry2-lab1";
				PRODUCT_NAME = "$(TARGET_NAME)";
				SWIFT_VERSION = 3.0;
			};
			name = Debug;
		};
		C891CDF61F54B5FC006ADCAD /* Release */ = {
			isa = XCBuildConfiguration;
			buildSettings = {
				ASSETCATALOG_COMPILER_APPICON_NAME = AppIcon;
				INFOPLIST_FILE = dbperry2_lab1/Info.plist;
				LD_RUNPATH_SEARCH_PATHS = "$(inherited) @executable_path/Frameworks";
				PRODUCT_BUNDLE_IDENTIFIER = "Denise-Perry.dbperry2-lab1";
				PRODUCT_NAME = "$(TARGET_NAME)";
				SWIFT_VERSION = 3.0;
			};
			name = Release;
		};
/* End XCBuildConfiguration section */

/* Begin XCConfigurationList section */
		C891CDDD1F54B5FC006ADCAD /* Build configuration list for PBXProject "dbperry2_lab1" */ = {
			isa = XCConfigurationList;
			buildConfigurations = (
				C891CDF21F54B5FC006ADCAD /* Debug */,
				C891CDF31F54B5FC006ADCAD /* Release */,
			);
			defaultConfigurationIsVisible = 0;
			defaultConfigurationName = Release;
		};
		C891CDF41F54B5FC006ADCAD /* Build configuration list for PBXNativeTarget "dbperry2_lab1" */ = {
			isa = XCConfigurationList;
			buildConfigurations = (
				C891CDF51F54B5FC006ADCAD /* Debug */,
				C891CDF61F54B5FC006ADCAD /* Release */,
			);
			defaultConfigurationIsVisible = 0;
		};
/* End XCConfigurationList section */
	};
	rootObject = C891CDDA1F54B5FC006ADCAD /* Project object */;
}
